%{"backoff": {:git, "https://github.com/scouten/backoff.git", "8f10cb83b5fbc2401e6a06b341417cad4c632f34", [ref: "8f10cb83b5fbc2401e6a06b341417cad4c632f34"]},
  "certifi": {:hex, :certifi, "1.0.0", "1c787a85b1855ba354f0b8920392c19aa1d06b0ee1362f9141279620a5be2039", [:rebar3], []},
  "connection": {:hex, :connection, "1.0.3", "3145f7416be3df248a4935f24e3221dc467c1e3a158d62015b35bd54da365786", [:mix], []},
  "coverex": {:hex, :coverex, "1.4.12", "b18d737734edeac578a854cfaa5aa48c5d05e649c77ce02efb7f723a316b6a3b", [:mix], [{:hackney, "~> 1.5", [hex: :hackney, optional: false]}, {:poison, "~> 1.5 or ~> 2.0", [hex: :poison, optional: false]}]},
  "db_connection": {:hex, :db_connection, "1.0.0", "63c03e520d54886a66104d34e32397ba960db6e74b596ce221592c07d6a40d8d", [:mix], [{:connection, "~> 1.0.2", [hex: :connection, optional: false]}, {:poolboy, "~> 1.5", [hex: :poolboy, optional: true]}, {:sbroker, "~> 1.0", [hex: :sbroker, optional: true]}]},
  "decimal": {:hex, :decimal, "1.2.0", "462960fd71af282e570f7b477f6be56bf8968e68277d4d0b641a635269bf4b0d", [:mix], []},
  "earmark": {:hex, :earmark, "1.2.0", "bf1ce17aea43ab62f6943b97bd6e3dc032ce45d4f787504e3adf738e54b42f3a", [:mix], []},
  "ecto": {:git, "https://github.com/elixir-ecto/ecto.git", "4b1b578bc580453434ef7b7e625f83e09175e8d6", [ref: "4b1b578bc580453434ef7b7e625f83e09175e8d6"]},
  "esqlite": {:git, "https://github.com/mmzeeman/esqlite", "c1ba116de470aadc23e7ae582c961b2ced13d306", [ref: "c1ba116de470aadc23e7ae582c961b2ced13d306"]},
  "ex_doc": {:hex, :ex_doc, "0.14.5", "c0433c8117e948404d93ca69411dd575ec6be39b47802e81ca8d91017a0cf83c", [:mix], [{:earmark, "~> 1.0", [hex: :earmark, optional: false]}]},
  "hackney": {:hex, :hackney, "1.6.6", "5564b4695d48fd87859e9df77a7fa4b4d284d24519f0cd7cc898f09e8fbdc8a3", [:rebar3], [{:certifi, "1.0.0", [hex: :certifi, optional: false]}, {:idna, "4.0.0", [hex: :idna, optional: false]}, {:metrics, "1.0.1", [hex: :metrics, optional: false]}, {:mimerl, "1.0.2", [hex: :mimerl, optional: false]}, {:ssl_verify_fun, "1.1.1", [hex: :ssl_verify_fun, optional: false]}]},
  "idna": {:hex, :idna, "4.0.0", "10aaa9f79d0b12cf0def53038547855b91144f1bfcc0ec73494f38bb7b9c4961", [:rebar3], []},
  "metrics": {:hex, :metrics, "1.0.1", "25f094dea2cda98213cecc3aeff09e940299d950904393b2a29d191c346a8486", [:rebar3], []},
  "mimerl": {:hex, :mimerl, "1.0.2", "993f9b0e084083405ed8252b99460c4f0563e41729ab42d9074fd5e52439be88", [:rebar3], []},
  "poison": {:hex, :poison, "2.2.0", "4763b69a8a77bd77d26f477d196428b741261a761257ff1cf92753a0d4d24a63", [:mix], []},
  "poolboy": {:hex, :poolboy, "1.5.1", "6b46163901cfd0a1b43d692657ed9d7e599853b3b21b95ae5ae0a777cf9b6ca8", [:rebar], []},
  "postgrex": {:hex, :postgrex, "0.12.0", "bdeeb4c42768c47c3c92228e66c70357fe9a9384fbc9de06abba774b22dd0635", [:mix], [{:connection, "~> 1.0", [hex: :connection, optional: false]}, {:db_connection, "~> 1.0-rc.4", [hex: :db_connection, optional: false]}, {:decimal, "~> 1.0", [hex: :decimal, optional: false]}]},
  "sbroker": {:hex, :sbroker, "1.0.0", "28ff1b5e58887c5098539f236307b36fe1d3edaa2acff9d6a3d17c2dcafebbd0", [:rebar3], []},
  "sqlitex": {:git, "https://github.com/scouten/sqlitex.git", "8f1dcd4107cd99ca0687bf870b914e44a467722d", [ref: "8f1dcd4107cd99ca0687bf870b914e44a467722d"]},
  "ssl_verify_fun": {:hex, :ssl_verify_fun, "1.1.1", "28a4d65b7f59893bc2c7de786dec1e1555bd742d336043fe644ae956c3497fbe", [:make, :rebar], []}}
